
Microsoft Visual Studio Solution File, Format Version 12.00
# Visual Studio Version 16
VisualStudioVersion = 16.0.29613.14
MinimumVisualStudioVersion = 10.0.40219.1
Project("{FAE04EC0-301F-11D3-BF4B-00C04F79EFBC}") = "Ovning17_Gym", "Ovning17_Gym\Ovning17_Gym.csproj", "{5B473036-1ABB-4FCD-9AA7-844A6497B88F}"
EndProject
Global
	GlobalSection(SolutionConfigurationPlatforms) = preSolution
		Debug|Any CPU = Debug|Any CPU
		Release|Any CPU = Release|Any CPU
	EndGlobalSection
	GlobalSection(ProjectConfigurationPlatforms) = postSolution
		{5B473036-1ABB-4FCD-9AA7-844A6497B88F}.Debug|Any CPU.ActiveCfg = Debug|Any CPU
		{5B473036-1ABB-4FCD-9AA7-844A6497B88F}.Debug|Any CPU.Build.0 = Debug|Any CPU
		{5B473036-1ABB-4FCD-9AA7-844A6497B88F}.Release|Any CPU.ActiveCfg = Release|Any CPU
		{5B473036-1ABB-4FCD-9AA7-844A6497B88F}.Release|Any CPU.Build.0 = Release|Any CPU
	EndGlobalSection
	GlobalSection(SolutionProperties) = preSolution
		HideSolutionNode = FALSE
	EndGlobalSection
	GlobalSection(ExtensibilityGlobals) = postSolution
		SolutionGuid = {DB5FDA84-5E0B-4C76-8160-70500618C178}
	EndGlobalSection
EndGlobal
